
Microsoft Visual Studio Solution File, Format Version 12.00
# Visual Studio Version 17
VisualStudioVersion = 17.9.34728.123
MinimumVisualStudioVersion = 10.0.40219.1
Project("{8BC9CEB8-8B4A-11D0-8D11-00A0C91BC942}") = "Program", "Program.vcxproj", "{A871C2BF-4943-43E2-9D94-2FD91FE3912F}"
EndProject
Project("{8BC9CEB8-8B4A-11D0-8D11-00A0C91BC942}") = "Class1th (Time Complexity & Space Complexity)", "..\Class1th (Time Complexity & Space Complexity)\Class1th (Time Complexity & Space Complexity).vcxproj", "{8DC5C600-9B9B-4DC0-BDF7-1F7F2D245962}"
EndProject
Project("{8BC9CEB8-8B4A-11D0-8D11-00A0C91BC942}") = "Class2th (Brute Force)", "..\Class2th (Brute Force)\Class2th (Brute Force).vcxproj", "{4708C6C4-6DCC-4A54-9E82-B57E20C6D71D}"
EndProject
Project("{8BC9CEB8-8B4A-11D0-8D11-00A0C91BC942}") = "Class3th (Bubble Sort)", "..\Class3th (Bubble Sort)\Class3th (Bubble Sort).vcxproj", "{BE136F8B-9EEE-4949-B21A-F34BE9DC5109}"
EndProject
Project("{8BC9CEB8-8B4A-11D0-8D11-00A0C91BC942}") = "Class4th (Select Sort)", "..\Class4th (Select Sort)\Class4th (Select Sort).vcxproj", "{821EB415-1F9B-4ABD-8D15-531AEA80778D}"
EndProject
Project("{8BC9CEB8-8B4A-11D0-8D11-00A0C91BC942}") = "Class5th (Insert Sort)", "..\Class5th (Insert Sort)\Class5th (Insert Sort).vcxproj", "{A1D1A4D2-D54D-480A-A793-A16B994878FC}"
EndProject
Project("{8BC9CEB8-8B4A-11D0-8D11-00A0C91BC942}") = "Class6th (Euclidean)", "..\Class6th (Euclidean)\Class6th (Euclidean).vcxproj", "{0279D6D3-D4F2-46C3-9E6B-C190F1B8C90D}"
EndProject
Project("{8BC9CEB8-8B4A-11D0-8D11-00A0C91BC942}") = "Class7th (Two Pointer)", "..\Class7th (Two Pointer)\Class7th (Two Pointer).vcxproj", "{3111E536-DDE6-42F7-9D01-E6AA0B641A95}"
EndProject
Project("{8BC9CEB8-8B4A-11D0-8D11-00A0C91BC942}") = "Class8th (Binary Search)", "..\Class8th (Binary Search)\Class8th (Binary Search).vcxproj", "{7A66F227-8927-41EE-ACDF-EA73AF0E271F}"
EndProject
Project("{8BC9CEB8-8B4A-11D0-8D11-00A0C91BC942}") = "Class9th (Count Sort)", "..\Class9th (Count Sort)\Class9th (Count Sort).vcxproj", "{50755D01-EC85-4C61-9092-F2820FF2650B}"
EndProject
Project("{8BC9CEB8-8B4A-11D0-8D11-00A0C91BC942}") = "Class10th (Divide and Conquer)", "..\Class10th (Divide and Conquer)\Class10th (Divide and Conquer).vcxproj", "{8A3BABCA-4B0D-436F-BFA1-9919A10E3C19}"
EndProject
Project("{8BC9CEB8-8B4A-11D0-8D11-00A0C91BC942}") = "Class11th (Quick Sort)", "..\Class11th (Quick Sort)\Class11th (Quick Sort).vcxproj", "{89482B83-23D0-4BAE-9CCB-80770AE392FB}"
EndProject
Project("{8BC9CEB8-8B4A-11D0-8D11-00A0C91BC942}") = "Class12th (Dynamic Programming)", "..\Class12th (Dynamic Programming)\Class12th (Dynamic Programming).vcxproj", "{81CFB889-6900-461D-B1AE-9FDE5B3F6AD6}"
EndProject
Project("{8BC9CEB8-8B4A-11D0-8D11-00A0C91BC942}") = "Class13th (Merge Sort)", "..\Class13th (Merge Sort)\Class13th (Merge Sort).vcxproj", "{AA6197A4-9BD3-4AAB-933F-9F608851D138}"
EndProject
Project("{8BC9CEB8-8B4A-11D0-8D11-00A0C91BC942}") = "Class14th (Sieve of Eratosthenes)", "..\Class14th (Sieve of Eratosthenes)\Class14th (Sieve of Eratosthenes).vcxproj", "{A9F0F0A1-730B-4B3A-BF83-539B068407A2}"
EndProject
Project("{8BC9CEB8-8B4A-11D0-8D11-00A0C91BC942}") = "Class15th (Greedy)", "..\Class15th (Greedy)\Class15th (Greedy).vcxproj", "{1C76CDC2-7F73-43D2-AF5F-FA0A258C3382}"
EndProject
Project("{8BC9CEB8-8B4A-11D0-8D11-00A0C91BC942}") = "Class16th (Depth First Search)", "..\Class16th (Depth First Search)\Class16th (Depth First Search).vcxproj", "{70F9A9A3-880B-4CC1-8414-E8793A0423E8}"
EndProject
Project("{8BC9CEB8-8B4A-11D0-8D11-00A0C91BC942}") = "Class17th (Breadth First Search)", "..\Class17th (Breadth First Search)\Class17th (Breadth First Search).vcxproj", "{94CA3DA6-8CAC-458D-8DB8-799D1E24D899}"
EndProject
Project("{8BC9CEB8-8B4A-11D0-8D11-00A0C91BC942}") = "Class18th (Union Find)", "..\Class18th (Union Find)\Class18th (Union Find).vcxproj", "{EB09764B-C966-420F-9015-462CB5578B8B}"
EndProject
Project("{8BC9CEB8-8B4A-11D0-8D11-00A0C91BC942}") = "Class19th (Topology Sort)", "..\Class19th (Topology Sort)\Class19th (Topology Sort).vcxproj", "{2CFA66FE-D667-4D61-9684-205C6FB3A4FC}"
EndProject
Project("{8BC9CEB8-8B4A-11D0-8D11-00A0C91BC942}") = "Class20th (Minimum Spanning Tree)", "..\Class20th (Minimum Spanning Tree)\Class20th (Minimum Spanning Tree).vcxproj", "{CAB752D3-492F-4AAB-8F8B-8F92C24BCCAA}"
EndProject
Project("{8BC9CEB8-8B4A-11D0-8D11-00A0C91BC942}") = "Class21th (Dijkstra)", "..\Class21th (Dijkstra)\Class21th (Dijkstra).vcxproj", "{07F6D89E-C41D-4C41-B355-EED4BF76D326}"
EndProject
Project("{8BC9CEB8-8B4A-11D0-8D11-00A0C91BC942}") = "Class22th (Back Tracking)", "..\Class22th (Back Tracking)\Class22th (Back Tracking).vcxproj", "{FCADF13A-A888-46F2-8560-94F27DB41AF5}"
EndProject
Global
	GlobalSection(SolutionConfigurationPlatforms) = preSolution
		Debug|x64 = Debug|x64
		Debug|x86 = Debug|x86
		Release|x64 = Release|x64
		Release|x86 = Release|x86
	EndGlobalSection
	GlobalSection(ProjectConfigurationPlatforms) = postSolution
		{A871C2BF-4943-43E2-9D94-2FD91FE3912F}.Debug|x64.ActiveCfg = Debug|x64
		{A871C2BF-4943-43E2-9D94-2FD91FE3912F}.Debug|x64.Build.0 = Debug|x64
		{A871C2BF-4943-43E2-9D94-2FD91FE3912F}.Debug|x86.ActiveCfg = Debug|Win32
		{A871C2BF-4943-43E2-9D94-2FD91FE3912F}.Debug|x86.Build.0 = Debug|Win32
		{A871C2BF-4943-43E2-9D94-2FD91FE3912F}.Release|x64.ActiveCfg = Release|x64
		{A871C2BF-4943-43E2-9D94-2FD91FE3912F}.Release|x64.Build.0 = Release|x64
		{A871C2BF-4943-43E2-9D94-2FD91FE3912F}.Release|x86.ActiveCfg = Release|Win32
		{A871C2BF-4943-43E2-9D94-2FD91FE3912F}.Release|x86.Build.0 = Release|Win32
		{8DC5C600-9B9B-4DC0-BDF7-1F7F2D245962}.Debug|x64.ActiveCfg = Debug|x64
		{8DC5C600-9B9B-4DC0-BDF7-1F7F2D245962}.Debug|x64.Build.0 = Debug|x64
		{8DC5C600-9B9B-4DC0-BDF7-1F7F2D245962}.Debug|x86.ActiveCfg = Debug|Win32
		{8DC5C600-9B9B-4DC0-BDF7-1F7F2D245962}.Debug|x86.Build.0 = Debug|Win32
		{8DC5C600-9B9B-4DC0-BDF7-1F7F2D245962}.Release|x64.ActiveCfg = Release|x64
		{8DC5C600-9B9B-4DC0-BDF7-1F7F2D245962}.Release|x64.Build.0 = Release|x64
		{8DC5C600-9B9B-4DC0-BDF7-1F7F2D245962}.Release|x86.ActiveCfg = Release|Win32
		{8DC5C600-9B9B-4DC0-BDF7-1F7F2D245962}.Release|x86.Build.0 = Release|Win32
		{4708C6C4-6DCC-4A54-9E82-B57E20C6D71D}.Debug|x64.ActiveCfg = Debug|x64
		{4708C6C4-6DCC-4A54-9E82-B57E20C6D71D}.Debug|x64.Build.0 = Debug|x64
		{4708C6C4-6DCC-4A54-9E82-B57E20C6D71D}.Debug|x86.ActiveCfg = Debug|Win32
		{4708C6C4-6DCC-4A54-9E82-B57E20C6D71D}.Debug|x86.Build.0 = Debug|Win32
		{4708C6C4-6DCC-4A54-9E82-B57E20C6D71D}.Release|x64.ActiveCfg = Release|x64
		{4708C6C4-6DCC-4A54-9E82-B57E20C6D71D}.Release|x64.Build.0 = Release|x64
		{4708C6C4-6DCC-4A54-9E82-B57E20C6D71D}.Release|x86.ActiveCfg = Release|Win32
		{4708C6C4-6DCC-4A54-9E82-B57E20C6D71D}.Release|x86.Build.0 = Release|Win32
		{BE136F8B-9EEE-4949-B21A-F34BE9DC5109}.Debug|x64.ActiveCfg = Debug|x64
		{BE136F8B-9EEE-4949-B21A-F34BE9DC5109}.Debug|x64.Build.0 = Debug|x64
		{BE136F8B-9EEE-4949-B21A-F34BE9DC5109}.Debug|x86.ActiveCfg = Debug|Win32
		{BE136F8B-9EEE-4949-B21A-F34BE9DC5109}.Debug|x86.Build.0 = Debug|Win32
		{BE136F8B-9EEE-4949-B21A-F34BE9DC5109}.Release|x64.ActiveCfg = Release|x64
		{BE136F8B-9EEE-4949-B21A-F34BE9DC5109}.Release|x64.Build.0 = Release|x64
		{BE136F8B-9EEE-4949-B21A-F34BE9DC5109}.Release|x86.ActiveCfg = Release|Win32
		{BE136F8B-9EEE-4949-B21A-F34BE9DC5109}.Release|x86.Build.0 = Release|Win32
		{821EB415-1F9B-4ABD-8D15-531AEA80778D}.Debug|x64.ActiveCfg = Debug|x64
		{821EB415-1F9B-4ABD-8D15-531AEA80778D}.Debug|x64.Build.0 = Debug|x64
		{821EB415-1F9B-4ABD-8D15-531AEA80778D}.Debug|x86.ActiveCfg = Debug|Win32
		{821EB415-1F9B-4ABD-8D15-531AEA80778D}.Debug|x86.Build.0 = Debug|Win32
		{821EB415-1F9B-4ABD-8D15-531AEA80778D}.Release|x64.ActiveCfg = Release|x64
		{821EB415-1F9B-4ABD-8D15-531AEA80778D}.Release|x64.Build.0 = Release|x64
		{821EB415-1F9B-4ABD-8D15-531AEA80778D}.Release|x86.ActiveCfg = Release|Win32
		{821EB415-1F9B-4ABD-8D15-531AEA80778D}.Release|x86.Build.0 = Release|Win32
		{A1D1A4D2-D54D-480A-A793-A16B994878FC}.Debug|x64.ActiveCfg = Debug|x64
		{A1D1A4D2-D54D-480A-A793-A16B994878FC}.Debug|x64.Build.0 = Debug|x64
		{A1D1A4D2-D54D-480A-A793-A16B994878FC}.Debug|x86.ActiveCfg = Debug|Win32
		{A1D1A4D2-D54D-480A-A793-A16B994878FC}.Debug|x86.Build.0 = Debug|Win32
		{A1D1A4D2-D54D-480A-A793-A16B994878FC}.Release|x64.ActiveCfg = Release|x64
		{A1D1A4D2-D54D-480A-A793-A16B994878FC}.Release|x64.Build.0 = Release|x64
		{A1D1A4D2-D54D-480A-A793-A16B994878FC}.Release|x86.ActiveCfg = Release|Win32
		{A1D1A4D2-D54D-480A-A793-A16B994878FC}.Release|x86.Build.0 = Release|Win32
		{0279D6D3-D4F2-46C3-9E6B-C190F1B8C90D}.Debug|x64.ActiveCfg = Debug|x64
		{0279D6D3-D4F2-46C3-9E6B-C190F1B8C90D}.Debug|x64.Build.0 = Debug|x64
		{0279D6D3-D4F2-46C3-9E6B-C190F1B8C90D}.Debug|x86.ActiveCfg = Debug|Win32
		{0279D6D3-D4F2-46C3-9E6B-C190F1B8C90D}.Debug|x86.Build.0 = Debug|Win32
		{0279D6D3-D4F2-46C3-9E6B-C190F1B8C90D}.Release|x64.ActiveCfg = Release|x64
		{0279D6D3-D4F2-46C3-9E6B-C190F1B8C90D}.Release|x64.Build.0 = Release|x64
		{0279D6D3-D4F2-46C3-9E6B-C190F1B8C90D}.Release|x86.ActiveCfg = Release|Win32
		{0279D6D3-D4F2-46C3-9E6B-C190F1B8C90D}.Release|x86.Build.0 = Release|Win32
		{3111E536-DDE6-42F7-9D01-E6AA0B641A95}.Debug|x64.ActiveCfg = Debug|x64
		{3111E536-DDE6-42F7-9D01-E6AA0B641A95}.Debug|x64.Build.0 = Debug|x64
		{3111E536-DDE6-42F7-9D01-E6AA0B641A95}.Debug|x86.ActiveCfg = Debug|Win32
		{3111E536-DDE6-42F7-9D01-E6AA0B641A95}.Debug|x86.Build.0 = Debug|Win32
		{3111E536-DDE6-42F7-9D01-E6AA0B641A95}.Release|x64.ActiveCfg = Release|x64
		{3111E536-DDE6-42F7-9D01-E6AA0B641A95}.Release|x64.Build.0 = Release|x64
		{3111E536-DDE6-42F7-9D01-E6AA0B641A95}.Release|x86.ActiveCfg = Release|Win32
		{3111E536-DDE6-42F7-9D01-E6AA0B641A95}.Release|x86.Build.0 = Release|Win32
		{7A66F227-8927-41EE-ACDF-EA73AF0E271F}.Debug|x64.ActiveCfg = Debug|x64
		{7A66F227-8927-41EE-ACDF-EA73AF0E271F}.Debug|x64.Build.0 = Debug|x64
		{7A66F227-8927-41EE-ACDF-EA73AF0E271F}.Debug|x86.ActiveCfg = Debug|Win32
		{7A66F227-8927-41EE-ACDF-EA73AF0E271F}.Debug|x86.Build.0 = Debug|Win32
		{7A66F227-8927-41EE-ACDF-EA73AF0E271F}.Release|x64.ActiveCfg = Release|x64
		{7A66F227-8927-41EE-ACDF-EA73AF0E271F}.Release|x64.Build.0 = Release|x64
		{7A66F227-8927-41EE-ACDF-EA73AF0E271F}.Release|x86.ActiveCfg = Release|Win32
		{7A66F227-8927-41EE-ACDF-EA73AF0E271F}.Release|x86.Build.0 = Release|Win32
		{50755D01-EC85-4C61-9092-F2820FF2650B}.Debug|x64.ActiveCfg = Debug|x64
		{50755D01-EC85-4C61-9092-F2820FF2650B}.Debug|x64.Build.0 = Debug|x64
		{50755D01-EC85-4C61-9092-F2820FF2650B}.Debug|x86.ActiveCfg = Debug|Win32
		{50755D01-EC85-4C61-9092-F2820FF2650B}.Debug|x86.Build.0 = Debug|Win32
		{50755D01-EC85-4C61-9092-F2820FF2650B}.Release|x64.ActiveCfg = Release|x64
		{50755D01-EC85-4C61-9092-F2820FF2650B}.Release|x64.Build.0 = Release|x64
		{50755D01-EC85-4C61-9092-F2820FF2650B}.Release|x86.ActiveCfg = Release|Win32
		{50755D01-EC85-4C61-9092-F2820FF2650B}.Release|x86.Build.0 = Release|Win32
		{8A3BABCA-4B0D-436F-BFA1-9919A10E3C19}.Debug|x64.ActiveCfg = Debug|x64
		{8A3BABCA-4B0D-436F-BFA1-9919A10E3C19}.Debug|x64.Build.0 = Debug|x64
		{8A3BABCA-4B0D-436F-BFA1-9919A10E3C19}.Debug|x86.ActiveCfg = Debug|Win32
		{8A3BABCA-4B0D-436F-BFA1-9919A10E3C19}.Debug|x86.Build.0 = Debug|Win32
		{8A3BABCA-4B0D-436F-BFA1-9919A10E3C19}.Release|x64.ActiveCfg = Release|x64
		{8A3BABCA-4B0D-436F-BFA1-9919A10E3C19}.Release|x64.Build.0 = Release|x64
		{8A3BABCA-4B0D-436F-BFA1-9919A10E3C19}.Release|x86.ActiveCfg = Release|Win32
		{8A3BABCA-4B0D-436F-BFA1-9919A10E3C19}.Release|x86.Build.0 = Release|Win32
		{89482B83-23D0-4BAE-9CCB-80770AE392FB}.Debug|x64.ActiveCfg = Debug|x64
		{89482B83-23D0-4BAE-9CCB-80770AE392FB}.Debug|x64.Build.0 = Debug|x64
		{89482B83-23D0-4BAE-9CCB-80770AE392FB}.Debug|x86.ActiveCfg = Debug|Win32
		{89482B83-23D0-4BAE-9CCB-80770AE392FB}.Debug|x86.Build.0 = Debug|Win32
		{89482B83-23D0-4BAE-9CCB-80770AE392FB}.Release|x64.ActiveCfg = Release|x64
		{89482B83-23D0-4BAE-9CCB-80770AE392FB}.Release|x64.Build.0 = Release|x64
		{89482B83-23D0-4BAE-9CCB-80770AE392FB}.Release|x86.ActiveCfg = Release|Win32
		{89482B83-23D0-4BAE-9CCB-80770AE392FB}.Release|x86.Build.0 = Release|Win32
		{81CFB889-6900-461D-B1AE-9FDE5B3F6AD6}.Debug|x64.ActiveCfg = Debug|x64
		{81CFB889-6900-461D-B1AE-9FDE5B3F6AD6}.Debug|x64.Build.0 = Debug|x64
		{81CFB889-6900-461D-B1AE-9FDE5B3F6AD6}.Debug|x86.ActiveCfg = Debug|Win32
		{81CFB889-6900-461D-B1AE-9FDE5B3F6AD6}.Debug|x86.Build.0 = Debug|Win32
		{81CFB889-6900-461D-B1AE-9FDE5B3F6AD6}.Release|x64.ActiveCfg = Release|x64
		{81CFB889-6900-461D-B1AE-9FDE5B3F6AD6}.Release|x64.Build.0 = Release|x64
		{81CFB889-6900-461D-B1AE-9FDE5B3F6AD6}.Release|x86.ActiveCfg = Release|Win32
		{81CFB889-6900-461D-B1AE-9FDE5B3F6AD6}.Release|x86.Build.0 = Release|Win32
		{AA6197A4-9BD3-4AAB-933F-9F608851D138}.Debug|x64.ActiveCfg = Debug|x64
		{AA6197A4-9BD3-4AAB-933F-9F608851D138}.Debug|x64.Build.0 = Debug|x64
		{AA6197A4-9BD3-4AAB-933F-9F608851D138}.Debug|x86.ActiveCfg = Debug|Win32
		{AA6197A4-9BD3-4AAB-933F-9F608851D138}.Debug|x86.Build.0 = Debug|Win32
		{AA6197A4-9BD3-4AAB-933F-9F608851D138}.Release|x64.ActiveCfg = Release|x64
		{AA6197A4-9BD3-4AAB-933F-9F608851D138}.Release|x64.Build.0 = Release|x64
		{AA6197A4-9BD3-4AAB-933F-9F608851D138}.Release|x86.ActiveCfg = Release|Win32
		{AA6197A4-9BD3-4AAB-933F-9F608851D138}.Release|x86.Build.0 = Release|Win32
		{A9F0F0A1-730B-4B3A-BF83-539B068407A2}.Debug|x64.ActiveCfg = Debug|x64
		{A9F0F0A1-730B-4B3A-BF83-539B068407A2}.Debug|x64.Build.0 = Debug|x64
		{A9F0F0A1-730B-4B3A-BF83-539B068407A2}.Debug|x86.ActiveCfg = Debug|Win32
		{A9F0F0A1-730B-4B3A-BF83-539B068407A2}.Debug|x86.Build.0 = Debug|Win32
		{A9F0F0A1-730B-4B3A-BF83-539B068407A2}.Release|x64.ActiveCfg = Release|x64
		{A9F0F0A1-730B-4B3A-BF83-539B068407A2}.Release|x64.Build.0 = Release|x64
		{A9F0F0A1-730B-4B3A-BF83-539B068407A2}.Release|x86.ActiveCfg = Release|Win32
		{A9F0F0A1-730B-4B3A-BF83-539B068407A2}.Release|x86.Build.0 = Release|Win32
		{1C76CDC2-7F73-43D2-AF5F-FA0A258C3382}.Debug|x64.ActiveCfg = Debug|x64
		{1C76CDC2-7F73-43D2-AF5F-FA0A258C3382}.Debug|x64.Build.0 = Debug|x64
		{1C76CDC2-7F73-43D2-AF5F-FA0A258C3382}.Debug|x86.ActiveCfg = Debug|Win32
		{1C76CDC2-7F73-43D2-AF5F-FA0A258C3382}.Debug|x86.Build.0 = Debug|Win32
		{1C76CDC2-7F73-43D2-AF5F-FA0A258C3382}.Release|x64.ActiveCfg = Release|x64
		{1C76CDC2-7F73-43D2-AF5F-FA0A258C3382}.Release|x64.Build.0 = Release|x64
		{1C76CDC2-7F73-43D2-AF5F-FA0A258C3382}.Release|x86.ActiveCfg = Release|Win32
		{1C76CDC2-7F73-43D2-AF5F-FA0A258C3382}.Release|x86.Build.0 = Release|Win32
		{70F9A9A3-880B-4CC1-8414-E8793A0423E8}.Debug|x64.ActiveCfg = Debug|x64
		{70F9A9A3-880B-4CC1-8414-E8793A0423E8}.Debug|x64.Build.0 = Debug|x64
		{70F9A9A3-880B-4CC1-8414-E8793A0423E8}.Debug|x86.ActiveCfg = Debug|Win32
		{70F9A9A3-880B-4CC1-8414-E8793A0423E8}.Debug|x86.Build.0 = Debug|Win32
		{70F9A9A3-880B-4CC1-8414-E8793A0423E8}.Release|x64.ActiveCfg = Release|x64
		{70F9A9A3-880B-4CC1-8414-E8793A0423E8}.Release|x64.Build.0 = Release|x64
		{70F9A9A3-880B-4CC1-8414-E8793A0423E8}.Release|x86.ActiveCfg = Release|Win32
		{70F9A9A3-880B-4CC1-8414-E8793A0423E8}.Release|x86.Build.0 = Release|Win32
		{94CA3DA6-8CAC-458D-8DB8-799D1E24D899}.Debug|x64.ActiveCfg = Debug|x64
		{94CA3DA6-8CAC-458D-8DB8-799D1E24D899}.Debug|x64.Build.0 = Debug|x64
		{94CA3DA6-8CAC-458D-8DB8-799D1E24D899}.Debug|x86.ActiveCfg = Debug|Win32
		{94CA3DA6-8CAC-458D-8DB8-799D1E24D899}.Debug|x86.Build.0 = Debug|Win32
		{94CA3DA6-8CAC-458D-8DB8-799D1E24D899}.Release|x64.ActiveCfg = Release|x64
		{94CA3DA6-8CAC-458D-8DB8-799D1E24D899}.Release|x64.Build.0 = Release|x64
		{94CA3DA6-8CAC-458D-8DB8-799D1E24D899}.Release|x86.ActiveCfg = Release|Win32
		{94CA3DA6-8CAC-458D-8DB8-799D1E24D899}.Release|x86.Build.0 = Release|Win32
		{EB09764B-C966-420F-9015-462CB5578B8B}.Debug|x64.ActiveCfg = Debug|x64
		{EB09764B-C966-420F-9015-462CB5578B8B}.Debug|x64.Build.0 = Debug|x64
		{EB09764B-C966-420F-9015-462CB5578B8B}.Debug|x86.ActiveCfg = Debug|Win32
		{EB09764B-C966-420F-9015-462CB5578B8B}.Debug|x86.Build.0 = Debug|Win32
		{EB09764B-C966-420F-9015-462CB5578B8B}.Release|x64.ActiveCfg = Release|x64
		{EB09764B-C966-420F-9015-462CB5578B8B}.Release|x64.Build.0 = Release|x64
		{EB09764B-C966-420F-9015-462CB5578B8B}.Release|x86.ActiveCfg = Release|Win32
		{EB09764B-C966-420F-9015-462CB5578B8B}.Release|x86.Build.0 = Release|Win32
		{2CFA66FE-D667-4D61-9684-205C6FB3A4FC}.Debug|x64.ActiveCfg = Debug|x64
		{2CFA66FE-D667-4D61-9684-205C6FB3A4FC}.Debug|x64.Build.0 = Debug|x64
		{2CFA66FE-D667-4D61-9684-205C6FB3A4FC}.Debug|x86.ActiveCfg = Debug|Win32
		{2CFA66FE-D667-4D61-9684-205C6FB3A4FC}.Debug|x86.Build.0 = Debug|Win32
		{2CFA66FE-D667-4D61-9684-205C6FB3A4FC}.Release|x64.ActiveCfg = Release|x64
		{2CFA66FE-D667-4D61-9684-205C6FB3A4FC}.Release|x64.Build.0 = Release|x64
		{2CFA66FE-D667-4D61-9684-205C6FB3A4FC}.Release|x86.ActiveCfg = Release|Win32
		{2CFA66FE-D667-4D61-9684-205C6FB3A4FC}.Release|x86.Build.0 = Release|Win32
		{CAB752D3-492F-4AAB-8F8B-8F92C24BCCAA}.Debug|x64.ActiveCfg = Debug|x64
		{CAB752D3-492F-4AAB-8F8B-8F92C24BCCAA}.Debug|x64.Build.0 = Debug|x64
		{CAB752D3-492F-4AAB-8F8B-8F92C24BCCAA}.Debug|x86.ActiveCfg = Debug|Win32
		{CAB752D3-492F-4AAB-8F8B-8F92C24BCCAA}.Debug|x86.Build.0 = Debug|Win32
		{CAB752D3-492F-4AAB-8F8B-8F92C24BCCAA}.Release|x64.ActiveCfg = Release|x64
		{CAB752D3-492F-4AAB-8F8B-8F92C24BCCAA}.Release|x64.Build.0 = Release|x64
		{CAB752D3-492F-4AAB-8F8B-8F92C24BCCAA}.Release|x86.ActiveCfg = Release|Win32
		{CAB752D3-492F-4AAB-8F8B-8F92C24BCCAA}.Release|x86.Build.0 = Release|Win32
		{07F6D89E-C41D-4C41-B355-EED4BF76D326}.Debug|x64.ActiveCfg = Debug|x64
		{07F6D89E-C41D-4C41-B355-EED4BF76D326}.Debug|x64.Build.0 = Debug|x64
		{07F6D89E-C41D-4C41-B355-EED4BF76D326}.Debug|x86.ActiveCfg = Debug|Win32
		{07F6D89E-C41D-4C41-B355-EED4BF76D326}.Debug|x86.Build.0 = Debug|Win32
		{07F6D89E-C41D-4C41-B355-EED4BF76D326}.Release|x64.ActiveCfg = Release|x64
		{07F6D89E-C41D-4C41-B355-EED4BF76D326}.Release|x64.Build.0 = Release|x64
		{07F6D89E-C41D-4C41-B355-EED4BF76D326}.Release|x86.ActiveCfg = Release|Win32
		{07F6D89E-C41D-4C41-B355-EED4BF76D326}.Release|x86.Build.0 = Release|Win32
		{FCADF13A-A888-46F2-8560-94F27DB41AF5}.Debug|x64.ActiveCfg = Debug|x64
		{FCADF13A-A888-46F2-8560-94F27DB41AF5}.Debug|x64.Build.0 = Debug|x64
		{FCADF13A-A888-46F2-8560-94F27DB41AF5}.Debug|x86.ActiveCfg = Debug|Win32
		{FCADF13A-A888-46F2-8560-94F27DB41AF5}.Debug|x86.Build.0 = Debug|Win32
		{FCADF13A-A888-46F2-8560-94F27DB41AF5}.Release|x64.ActiveCfg = Release|x64
		{FCADF13A-A888-46F2-8560-94F27DB41AF5}.Release|x64.Build.0 = Release|x64
		{FCADF13A-A888-46F2-8560-94F27DB41AF5}.Release|x86.ActiveCfg = Release|Win32
		{FCADF13A-A888-46F2-8560-94F27DB41AF5}.Release|x86.Build.0 = Release|Win32
	EndGlobalSection
	GlobalSection(SolutionProperties) = preSolution
		HideSolutionNode = FALSE
	EndGlobalSection
	GlobalSection(ExtensibilityGlobals) = postSolution
		SolutionGuid = {8C7939F3-75F3-41D0-B5DC-458658DED558}
	EndGlobalSection
EndGlobal
