
Microsoft Visual Studio Solution File, Format Version 12.00
# Visual Studio Version 17
VisualStudioVersion = 17.9.34728.123
MinimumVisualStudioVersion = 10.0.40219.1
Project("{8BC9CEB8-8B4A-11D0-8D11-00A0C91BC942}") = "Program", "Program.vcxproj", "{5134C898-F76C-4DA3-A3B5-E233E380839A}"
EndProject
Project("{8BC9CEB8-8B4A-11D0-8D11-00A0C91BC942}") = "Class1th (Compile)", "..\Class1th (Compile)\Class1th (Compile).vcxproj", "{6CC44493-5CB2-4DC2-B373-040E022AA538}"
EndProject
Project("{8BC9CEB8-8B4A-11D0-8D11-00A0C91BC942}") = "Class2th (Variable & Constant)", "..\Class2th (Variable & Constant)\Class2th (Variable & Constant).vcxproj", "{9B4DA24D-858A-487E-A676-F9CDEE1B77AC}"
EndProject
Project("{8BC9CEB8-8B4A-11D0-8D11-00A0C91BC942}") = "Class3th (Bit)", "..\Class3th (Bit)\Class3th (Bit).vcxproj", "{8102B54A-2AC1-4166-9686-198D2E402686}"
EndProject
Project("{8BC9CEB8-8B4A-11D0-8D11-00A0C91BC942}") = "Class4th (Overflow & Underflow)", "..\Class4th (Overflow & Underflow)\Class4th (Overflow & Underflow).vcxproj", "{2272E6DA-6E3E-4FA3-AEB2-AB89159A28BE}"
EndProject
Project("{8BC9CEB8-8B4A-11D0-8D11-00A0C91BC942}") = "Class5th (Conditional Statement)", "..\Class5th (Conditional Statement)\Class5th (Conditional Statement).vcxproj", "{0EF130CF-131B-4EAF-884E-A5415F48D1D7}"
EndProject
Global
	GlobalSection(SolutionConfigurationPlatforms) = preSolution
		Debug|x64 = Debug|x64
		Debug|x86 = Debug|x86
		Release|x64 = Release|x64
		Release|x86 = Release|x86
	EndGlobalSection
	GlobalSection(ProjectConfigurationPlatforms) = postSolution
		{5134C898-F76C-4DA3-A3B5-E233E380839A}.Debug|x64.ActiveCfg = Debug|x64
		{5134C898-F76C-4DA3-A3B5-E233E380839A}.Debug|x64.Build.0 = Debug|x64
		{5134C898-F76C-4DA3-A3B5-E233E380839A}.Debug|x86.ActiveCfg = Debug|Win32
		{5134C898-F76C-4DA3-A3B5-E233E380839A}.Debug|x86.Build.0 = Debug|Win32
		{5134C898-F76C-4DA3-A3B5-E233E380839A}.Release|x64.ActiveCfg = Release|x64
		{5134C898-F76C-4DA3-A3B5-E233E380839A}.Release|x64.Build.0 = Release|x64
		{5134C898-F76C-4DA3-A3B5-E233E380839A}.Release|x86.ActiveCfg = Release|Win32
		{5134C898-F76C-4DA3-A3B5-E233E380839A}.Release|x86.Build.0 = Release|Win32
		{6CC44493-5CB2-4DC2-B373-040E022AA538}.Debug|x64.ActiveCfg = Debug|x64
		{6CC44493-5CB2-4DC2-B373-040E022AA538}.Debug|x64.Build.0 = Debug|x64
		{6CC44493-5CB2-4DC2-B373-040E022AA538}.Debug|x86.ActiveCfg = Debug|Win32
		{6CC44493-5CB2-4DC2-B373-040E022AA538}.Debug|x86.Build.0 = Debug|Win32
		{6CC44493-5CB2-4DC2-B373-040E022AA538}.Release|x64.ActiveCfg = Release|x64
		{6CC44493-5CB2-4DC2-B373-040E022AA538}.Release|x64.Build.0 = Release|x64
		{6CC44493-5CB2-4DC2-B373-040E022AA538}.Release|x86.ActiveCfg = Release|Win32
		{6CC44493-5CB2-4DC2-B373-040E022AA538}.Release|x86.Build.0 = Release|Win32
		{9B4DA24D-858A-487E-A676-F9CDEE1B77AC}.Debug|x64.ActiveCfg = Debug|x64
		{9B4DA24D-858A-487E-A676-F9CDEE1B77AC}.Debug|x64.Build.0 = Debug|x64
		{9B4DA24D-858A-487E-A676-F9CDEE1B77AC}.Debug|x86.ActiveCfg = Debug|Win32
		{9B4DA24D-858A-487E-A676-F9CDEE1B77AC}.Debug|x86.Build.0 = Debug|Win32
		{9B4DA24D-858A-487E-A676-F9CDEE1B77AC}.Release|x64.ActiveCfg = Release|x64
		{9B4DA24D-858A-487E-A676-F9CDEE1B77AC}.Release|x64.Build.0 = Release|x64
		{9B4DA24D-858A-487E-A676-F9CDEE1B77AC}.Release|x86.ActiveCfg = Release|Win32
		{9B4DA24D-858A-487E-A676-F9CDEE1B77AC}.Release|x86.Build.0 = Release|Win32
		{8102B54A-2AC1-4166-9686-198D2E402686}.Debug|x64.ActiveCfg = Debug|x64
		{8102B54A-2AC1-4166-9686-198D2E402686}.Debug|x64.Build.0 = Debug|x64
		{8102B54A-2AC1-4166-9686-198D2E402686}.Debug|x86.ActiveCfg = Debug|Win32
		{8102B54A-2AC1-4166-9686-198D2E402686}.Debug|x86.Build.0 = Debug|Win32
		{8102B54A-2AC1-4166-9686-198D2E402686}.Release|x64.ActiveCfg = Release|x64
		{8102B54A-2AC1-4166-9686-198D2E402686}.Release|x64.Build.0 = Release|x64
		{8102B54A-2AC1-4166-9686-198D2E402686}.Release|x86.ActiveCfg = Release|Win32
		{8102B54A-2AC1-4166-9686-198D2E402686}.Release|x86.Build.0 = Release|Win32
		{2272E6DA-6E3E-4FA3-AEB2-AB89159A28BE}.Debug|x64.ActiveCfg = Debug|x64
		{2272E6DA-6E3E-4FA3-AEB2-AB89159A28BE}.Debug|x64.Build.0 = Debug|x64
		{2272E6DA-6E3E-4FA3-AEB2-AB89159A28BE}.Debug|x86.ActiveCfg = Debug|Win32
		{2272E6DA-6E3E-4FA3-AEB2-AB89159A28BE}.Debug|x86.Build.0 = Debug|Win32
		{2272E6DA-6E3E-4FA3-AEB2-AB89159A28BE}.Release|x64.ActiveCfg = Release|x64
		{2272E6DA-6E3E-4FA3-AEB2-AB89159A28BE}.Release|x64.Build.0 = Release|x64
		{2272E6DA-6E3E-4FA3-AEB2-AB89159A28BE}.Release|x86.ActiveCfg = Release|Win32
		{2272E6DA-6E3E-4FA3-AEB2-AB89159A28BE}.Release|x86.Build.0 = Release|Win32
		{0EF130CF-131B-4EAF-884E-A5415F48D1D7}.Debug|x64.ActiveCfg = Debug|x64
		{0EF130CF-131B-4EAF-884E-A5415F48D1D7}.Debug|x64.Build.0 = Debug|x64
		{0EF130CF-131B-4EAF-884E-A5415F48D1D7}.Debug|x86.ActiveCfg = Debug|Win32
		{0EF130CF-131B-4EAF-884E-A5415F48D1D7}.Debug|x86.Build.0 = Debug|Win32
		{0EF130CF-131B-4EAF-884E-A5415F48D1D7}.Release|x64.ActiveCfg = Release|x64
		{0EF130CF-131B-4EAF-884E-A5415F48D1D7}.Release|x64.Build.0 = Release|x64
		{0EF130CF-131B-4EAF-884E-A5415F48D1D7}.Release|x86.ActiveCfg = Release|Win32
		{0EF130CF-131B-4EAF-884E-A5415F48D1D7}.Release|x86.Build.0 = Release|Win32
	EndGlobalSection
	GlobalSection(SolutionProperties) = preSolution
		HideSolutionNode = FALSE
	EndGlobalSection
	GlobalSection(ExtensibilityGlobals) = postSolution
		SolutionGuid = {047706C6-2E9C-4927-BA1B-DBEAF57005B8}
	EndGlobalSection
EndGlobal
